// !$*UTF8*$!
{
	archiveVersion = 1;
	classes = {
	};
	objectVersion = 48;
	objects = {

/* Begin PBXBuildFile section */
		03AF31DF1FA1B3A600BB2CE8 /* Container.swift in Sources */ = {isa = PBXBuildFile; fileRef = 03AF31DE1FA1B3A600BB2CE8 /* Container.swift */; };
		03B1930A1FA16DB5006E7BB7 /* AppDelegate.swift in Sources */ = {isa = PBXBuildFile; fileRef = 03B193091FA16DB5006E7BB7 /* AppDelegate.swift */; };
		03B1930C1FA16DB5006E7BB7 /* ViewController.swift in Sources */ = {isa = PBXBuildFile; fileRef = 03B1930B1FA16DB5006E7BB7 /* ViewController.swift */; };
		03B1930F1FA16DB5006E7BB7 /* Main.storyboard in Resources */ = {isa = PBXBuildFile; fileRef = 03B1930D1FA16DB5006E7BB7 /* Main.storyboard */; };
		03B193111FA16DB5006E7BB7 /* Assets.xcassets in Resources */ = {isa = PBXBuildFile; fileRef = 03B193101FA16DB5006E7BB7 /* Assets.xcassets */; };
		03B193141FA16DB5006E7BB7 /* LaunchScreen.storyboard in Resources */ = {isa = PBXBuildFile; fileRef = 03B193121FA16DB5006E7BB7 /* LaunchScreen.storyboard */; };
		52CAADCA158CF0A774F5FB6F /* Pods_EurekaContainer.framework in Frameworks */ = {isa = PBXBuildFile; fileRef = 88E076000EE59267CAAF7874 /* Pods_EurekaContainer.framework */; };
/* End PBXBuildFile section */

/* Begin PBXFileReference section */
		03AF31DE1FA1B3A600BB2CE8 /* Container.swift */ = {isa = PBXFileReference; lastKnownFileType = sourcecode.swift; path = Container.swift; sourceTree = "<group>"; };
		03B193061FA16DB5006E7BB7 /* EurekaContainer.app */ = {isa = PBXFileReference; explicitFileType = wrapper.application; includeInIndex = 0; path = EurekaContainer.app; sourceTree = BUILT_PRODUCTS_DIR; };
		03B193091FA16DB5006E7BB7 /* AppDelegate.swift */ = {isa = PBXFileReference; lastKnownFileType = sourcecode.swift; path = AppDelegate.swift; sourceTree = "<group>"; };
		03B1930B1FA16DB5006E7BB7 /* ViewController.swift */ = {isa = PBXFileReference; lastKnownFileType = sourcecode.swift; path = ViewController.swift; sourceTree = "<group>"; };
		03B1930E1FA16DB5006E7BB7 /* Base */ = {isa = PBXFileReference; lastKnownFileType = file.storyboard; name = Base; path = Base.lproj/Main.storyboard; sourceTree = "<group>"; };
		03B193101FA16DB5006E7BB7 /* Assets.xcassets */ = {isa = PBXFileReference; lastKnownFileType = folder.assetcatalog; path = Assets.xcassets; sourceTree = "<group>"; };
		03B193131FA16DB5006E7BB7 /* Base */ = {isa = PBXFileReference; lastKnownFileType = file.storyboard; name = Base; path = Base.lproj/LaunchScreen.storyboard; sourceTree = "<group>"; };
		03B193151FA16DB5006E7BB7 /* Info.plist */ = {isa = PBXFileReference; lastKnownFileType = text.plist.xml; path = Info.plist; sourceTree = "<group>"; };
		5629B580F955B27E956E4E3A /* Pods-EurekaContainer.debug.xcconfig */ = {isa = PBXFileReference; includeInIndex = 1; lastKnownFileType = text.xcconfig; name = "Pods-EurekaContainer.debug.xcconfig"; path = "Pods/Target Support Files/Pods-EurekaContainer/Pods-EurekaContainer.debug.xcconfig"; sourceTree = "<group>"; };
		88E076000EE59267CAAF7874 /* Pods_EurekaContainer.framework */ = {isa = PBXFileReference; explicitFileType = wrapper.framework; includeInIndex = 0; path = Pods_EurekaContainer.framework; sourceTree = BUILT_PRODUCTS_DIR; };
		B2F87CBA3F0CC4DF0AD97E7B /* Pods-EurekaContainer.release.xcconfig */ = {isa = PBXFileReference; includeInIndex = 1; lastKnownFileType = text.xcconfig; name = "Pods-EurekaContainer.release.xcconfig"; path = "Pods/Target Support Files/Pods-EurekaContainer/Pods-EurekaContainer.release.xcconfig"; sourceTree = "<group>"; };
/* End PBXFileReference section */

/* Begin PBXFrameworksBuildPhase section */
		03B193031FA16DB5006E7BB7 /* Frameworks */ = {
			isa = PBXFrameworksBuildPhase;
			buildActionMask = 2147483647;
			files = (
				52CAADCA158CF0A774F5FB6F /* Pods_EurekaContainer.framework in Frameworks */,
			);
			runOnlyForDeploymentPostprocessing = 0;
		};
/* End PBXFrameworksBuildPhase section */

/* Begin PBXGroup section */
		03B192FD1FA16DB5006E7BB7 = {
			isa = PBXGroup;
			children = (
				03B193081FA16DB5006E7BB7 /* EurekaContainer */,
				03B193071FA16DB5006E7BB7 /* Products */,
				4A45A6E8D9B910AC55F8C84B /* Pods */,
				7A95BF58346EA30D8B9824E4 /* Frameworks */,
			);
			sourceTree = "<group>";
		};
		03B193071FA16DB5006E7BB7 /* Products */ = {
			isa = PBXGroup;
			children = (
				03B193061FA16DB5006E7BB7 /* EurekaContainer.app */,
			);
			name = Products;
			sourceTree = "<group>";
		};
		03B193081FA16DB5006E7BB7 /* EurekaContainer */ = {
			isa = PBXGroup;
			children = (
				03B193091FA16DB5006E7BB7 /* AppDelegate.swift */,
				03B1930B1FA16DB5006E7BB7 /* ViewController.swift */,
				03AF31DE1FA1B3A600BB2CE8 /* Container.swift */,
				03B1930D1FA16DB5006E7BB7 /* Main.storyboard */,
				03B193101FA16DB5006E7BB7 /* Assets.xcassets */,
				03B193121FA16DB5006E7BB7 /* LaunchScreen.storyboard */,
				03B193151FA16DB5006E7BB7 /* Info.plist */,
			);
			path = EurekaContainer;
			sourceTree = "<group>";
		};
		4A45A6E8D9B910AC55F8C84B /* Pods */ = {
			isa = PBXGroup;
			children = (
				5629B580F955B27E956E4E3A /* Pods-EurekaContainer.debug.xcconfig */,
				B2F87CBA3F0CC4DF0AD97E7B /* Pods-EurekaContainer.release.xcconfig */,
			);
			name = Pods;
			sourceTree = "<group>";
		};
		7A95BF58346EA30D8B9824E4 /* Frameworks */ = {
			isa = PBXGroup;
			children = (
				88E076000EE59267CAAF7874 /* Pods_EurekaContainer.framework */,
			);
			name = Frameworks;
			sourceTree = "<group>";
		};
/* End PBXGroup section */

/* Begin PBXNativeTarget section */
		03B193051FA16DB5006E7BB7 /* EurekaContainer */ = {
			isa = PBXNativeTarget;
			buildConfigurationList = 03B193181FA16DB5006E7BB7 /* Build configuration list for PBXNativeTarget "EurekaContainer" */;
			buildPhases = (
				44BAC9E130EA067B2F8BB077 /* [CP] Check Pods Manifest.lock */,
				03B193021FA16DB5006E7BB7 /* Sources */,
				03B193031FA16DB5006E7BB7 /* Frameworks */,
				03B193041FA16DB5006E7BB7 /* Resources */,
				512FDE3DD6DE590AFF4313C2 /* [CP] Embed Pods Frameworks */,
				8EDB56A4030D86A7022595A0 /* [CP] Copy Pods Resources */,
			);
			buildRules = (
			);
			dependencies = (
			);
			name = EurekaContainer;
			productName = EurekaContainer;
			productReference = 03B193061FA16DB5006E7BB7 /* EurekaContainer.app */;
			productType = "com.apple.product-type.application";
		};
/* End PBXNativeTarget section */

/* Begin PBXProject section */
		03B192FE1FA16DB5006E7BB7 /* Project object */ = {
			isa = PBXProject;
			attributes = {
				LastSwiftUpdateCheck = 0900;
				LastUpgradeCheck = 0900;
				ORGANIZATIONNAME = "Pouria Almassi";
				TargetAttributes = {
					03B193051FA16DB5006E7BB7 = {
						CreatedOnToolsVersion = 9.0;
						ProvisioningStyle = Automatic;
					};
				};
			};
			buildConfigurationList = 03B193011FA16DB5006E7BB7 /* Build configuration list for PBXProject "EurekaContainer" */;
			compatibilityVersion = "Xcode 8.0";
			developmentRegion = en;
			hasScannedForEncodings = 0;
			knownRegions = (
				en,
				Base,
			);
			mainGroup = 03B192FD1FA16DB5006E7BB7;
			productRefGroup = 03B193071FA16DB5006E7BB7 /* Products */;
			projectDirPath = "";
			projectRoot = "";
			targets = (
				03B193051FA16DB5006E7BB7 /* EurekaContainer */,
			);
		};
/* End PBXProject section */

/* Begin PBXResourcesBuildPhase section */
		03B193041FA16DB5006E7BB7 /* Resources */ = {
			isa = PBXResourcesBuildPhase;
			buildActionMask = 2147483647;
			files = (
				03B193141FA16DB5006E7BB7 /* LaunchScreen.storyboard in Resources */,
				03B193111FA16DB5006E7BB7 /* Assets.xcassets in Resources */,
				03B1930F1FA16DB5006E7BB7 /* Main.storyboard in Resources */,
			);
			runOnlyForDeploymentPostprocessing = 0;
		};
/* End PBXResourcesBuildPhase section */

/* Begin PBXShellScriptBuildPhase section */
		44BAC9E130EA067B2F8BB077 /* [CP] Check Pods Manifest.lock */ = {
			isa = PBXShellScriptBuildPhase;
			buildActionMask = 2147483647;
			files = (
			);
			inputPaths = (
				"${PODS_PODFILE_DIR_PATH}/Podfile.lock",
				"${PODS_ROOT}/Manifest.lock",
			);
			name = "[CP] Check Pods Manifest.lock";
			outputPaths = (
				"$(DERIVED_FILE_DIR)/Pods-EurekaContainer-checkManifestLockResult.txt",
			);
			runOnlyForDeploymentPostprocessing = 0;
			shellPath = /bin/sh;
			shellScript = "diff \"${PODS_PODFILE_DIR_PATH}/Podfile.lock\" \"${PODS_ROOT}/Manifest.lock\" > /dev/null\nif [ $? != 0 ] ; then\n    # print error to STDERR\n    echo \"error: The sandbox is not in sync with the Podfile.lock. Run 'pod install' or update your CocoaPods installation.\" >&2\n    exit 1\nfi\n# This output is used by Xcode 'outputs' to avoid re-running this script phase.\necho \"SUCCESS\" > \"${SCRIPT_OUTPUT_FILE_0}\"\n";
			showEnvVarsInLog = 0;
		};
		512FDE3DD6DE590AFF4313C2 /* [CP] Embed Pods Frameworks */ = {
			isa = PBXShellScriptBuildPhase;
			buildActionMask = 2147483647;
			files = (
			);
			inputPaths = (
				"${SRCROOT}/Pods/Target Support Files/Pods-EurekaContainer/Pods-EurekaContainer-frameworks.sh",
				"${BUILT_PRODUCTS_DIR}/Eureka/Eureka.framework",
			);
			name = "[CP] Embed Pods Frameworks";
			outputPaths = (
				"${TARGET_BUILD_DIR}/${FRAMEWORKS_FOLDER_PATH}/Eureka.framework",
			);
			runOnlyForDeploymentPostprocessing = 0;
			shellPath = /bin/sh;
			shellScript = "\"${SRCROOT}/Pods/Target Support Files/Pods-EurekaContainer/Pods-EurekaContainer-frameworks.sh\"\n";
			showEnvVarsInLog = 0;
		};
		8EDB56A4030D86A7022595A0 /* [CP] Copy Pods Resources */ = {
			isa = PBXShellScriptBuildPhase;
			buildActionMask = 2147483647;
			files = (
			);
			inputPaths = (
			);
			name = "[CP] Copy Pods Resources";
			outputPaths = (
			);
			runOnlyForDeploymentPostprocessing = 0;
			shellPath = /bin/sh;
			shellScript = "\"${SRCROOT}/Pods/Target Support Files/Pods-EurekaContainer/Pods-EurekaContainer-resources.sh\"\n";
			showEnvVarsInLog = 0;
		};
/* End PBXShellScriptBuildPhase section */

/* Begin PBXSourcesBuildPhase section */
		03B193021FA16DB5006E7BB7 /* Sources */ = {
			isa = PBXSourcesBuildPhase;
			buildActionMask = 2147483647;
			files = (
				03B1930C1FA16DB5006E7BB7 /* ViewController.swift in Sources */,
				03AF31DF1FA1B3A600BB2CE8 /* Container.swift in Sources */,
				03B1930A1FA16DB5006E7BB7 /* AppDelegate.swift in Sources */,
			);
			runOnlyForDeploymentPostprocessing = 0;
		};
/* End PBXSourcesBuildPhase section */

/* Begin PBXVariantGroup section */
		03B1930D1FA16DB5006E7BB7 /* Main.storyboard */ = {
			isa = PBXVariantGroup;
			children = (
				03B1930E1FA16DB5006E7BB7 /* Base */,
			);
			name = Main.storyboard;
			sourceTree = "<group>";
		};
		03B193121FA16DB5006E7BB7 /* LaunchScreen.storyboard */ = {
			isa = PBXVariantGroup;
			children = (
				03B193131FA16DB5006E7BB7 /* Base */,
			);
			name = LaunchScreen.storyboard;
			sourceTree = "<group>";
		};
/* End PBXVariantGroup section */

/* Begin XCBuildConfiguration section */
		03B193161FA16DB5006E7BB7 /* Debug */ = {
			isa = XCBuildConfiguration;
			buildSettings = {
				ALWAYS_SEARCH_USER_PATHS = NO;
				CLANG_ANALYZER_NONNULL = YES;
				CLANG_ANALYZER_NUMBER_OBJECT_CONVERSION = YES_AGGRESSIVE;
				CLANG_CXX_LANGUAGE_STANDARD = "gnu++14";
				CLANG_CXX_LIBRARY = "libc++";
				CLANG_ENABLE_MODULES = YES;
				CLANG_ENABLE_OBJC_ARC = YES;
				CLANG_WARN_BLOCK_CAPTURE_AUTORELEASING = YES;
				CLANG_WARN_BOOL_CONVERSION = YES;
				CLANG_WARN_COMMA = YES;
				CLANG_WARN_CONSTANT_CONVERSION = YES;
				CLANG_WARN_DIRECT_OBJC_ISA_USAGE = YES_ERROR;
				CLANG_WARN_DOCUMENTATION_COMMENTS = YES;
				CLANG_WARN_EMPTY_BODY = YES;
				CLANG_WARN_ENUM_CONVERSION = YES;
				CLANG_WARN_INFINITE_RECURSION = YES;
				CLANG_WARN_INT_CONVERSION = YES;
				CLANG_WARN_NON_LITERAL_NULL_CONVERSION = YES;
				CLANG_WARN_OBJC_LITERAL_CONVERSION = YES;
				CLANG_WARN_OBJC_ROOT_CLASS = YES_ERROR;
				CLANG_WARN_RANGE_LOOP_ANALYSIS = YES;
				CLANG_WARN_STRICT_PROTOTYPES = YES;
				CLANG_WARN_SUSPICIOUS_MOVE = YES;
				CLANG_WARN_UNGUARDED_AVAILABILITY = YES_AGGRESSIVE;
				CLANG_WARN_UNREACHABLE_CODE = YES;
				CLANG_WARN__DUPLICATE_METHOD_MATCH = YES;
				CODE_SIGN_IDENTITY = "iPhone Developer";
				COPY_PHASE_STRIP = NO;
				DEBUG_INFORMATION_FORMAT = dwarf;
				ENABLE_STRICT_OBJC_MSGSEND = YES;
				ENABLE_TESTABILITY = YES;
				GCC_C_LANGUAGE_STANDARD = gnu11;
				GCC_DYNAMIC_NO_PIC = NO;
				GCC_NO_COMMON_BLOCKS = YES;
				GCC_OPTIMIZATION_LEVEL = 0;
				GCC_PREPROCESSOR_DEFINITIONS = (
					"DEBUG=1",
					"$(inherited)",
				);
				GCC_WARN_64_TO_32_BIT_CONVERSION = YES;
				GCC_WARN_ABOUT_RETURN_TYPE = YES_ERROR;
				GCC_WARN_UNDECLARED_SELECTOR = YES;
				GCC_WARN_UNINITIALIZED_AUTOS = YES_AGGRESSIVE;
				GCC_WARN_UNUSED_FUNCTION = YES;
				GCC_WARN_UNUSED_VARIABLE = YES;
				IPHONEOS_DEPLOYMENT_TARGET = 11.0;
				MTL_ENABLE_DEBUG_INFO = YES;
				ONLY_ACTIVE_ARCH = YES;
				SDKROOT = iphoneos;
				SWIFT_ACTIVE_COMPILATION_CONDITIONS = DEBUG;
				SWIFT_OPTIMIZATION_LEVEL = "-Onone";
			};
			name = Debug;
		};
		03B193171FA16DB5006E7BB7 /* Release */ = {
			isa = XCBuildConfiguration;
			buildSettings = {
				ALWAYS_SEARCH_USER_PATHS = NO;
				CLANG_ANALYZER_NONNULL = YES;
				CLANG_ANALYZER_NUMBER_OBJECT_CONVERSION = YES_AGGRESSIVE;
				CLANG_CXX_LANGUAGE_STANDARD = "gnu++14";
				CLANG_CXX_LIBRARY = "libc++";
				CLANG_ENABLE_MODULES = YES;
				CLANG_ENABLE_OBJC_ARC = YES;
				CLANG_WARN_BLOCK_CAPTURE_AUTORELEASING = YES;
				CLANG_WARN_BOOL_CONVERSION = YES;
				CLANG_WARN_COMMA = YES;
				CLANG_WARN_CONSTANT_CONVERSION = YES;
				CLANG_WARN_DIRECT_OBJC_ISA_USAGE = YES_ERROR;
				CLANG_WARN_DOCUMENTATION_COMMENTS = YES;
				CLANG_WARN_EMPTY_BODY = YES;
				CLANG_WARN_ENUM_CONVERSION = YES;
				CLANG_WARN_INFINITE_RECURSION = YES;
				CLANG_WARN_INT_CONVERSION = YES;
				CLANG_WARN_NON_LITERAL_NULL_CONVERSION = YES;
				CLANG_WARN_OBJC_LITERAL_CONVERSION = YES;
				CLANG_WARN_OBJC_ROOT_CLASS = YES_ERROR;
				CLANG_WARN_RANGE_LOOP_ANALYSIS = YES;
				CLANG_WARN_STRICT_PROTOTYPES = YES;
				CLANG_WARN_SUSPICIOUS_MOVE = YES;
				CLANG_WARN_UNGUARDED_AVAILABILITY = YES_AGGRESSIVE;
				CLANG_WARN_UNREACHABLE_CODE = YES;
				CLANG_WARN__DUPLICATE_METHOD_MATCH = YES;
				CODE_SIGN_IDENTITY = "iPhone Developer";
				COPY_PHASE_STRIP = NO;
				DEBUG_INFORMATION_FORMAT = "dwarf-with-dsym";
				ENABLE_NS_ASSERTIONS = NO;
				ENABLE_STRICT_OBJC_MSGSEND = YES;
				GCC_C_LANGUAGE_STANDARD = gnu11;
				GCC_NO_COMMON_BLOCKS = YES;
				GCC_WARN_64_TO_32_BIT_CONVERSION = YES;
				GCC_WARN_ABOUT_RETURN_TYPE = YES_ERROR;
				GCC_WARN_UNDECLARED_SELECTOR = YES;
				GCC_WARN_UNINITIALIZED_AUTOS = YES_AGGRESSIVE;
				GCC_WARN_UNUSED_FUNCTION = YES;
				GCC_WARN_UNUSED_VARIABLE = YES;
				IPHONEOS_DEPLOYMENT_TARGET = 11.0;
				MTL_ENABLE_DEBUG_INFO = NO;
				SDKROOT = iphoneos;
				SWIFT_OPTIMIZATION_LEVEL = "-Owholemodule";
				VALIDATE_PRODUCT = YES;
			};
			name = Release;
		};
		03B193191FA16DB5006E7BB7 /* Debug */ = {
			isa = XCBuildConfiguration;
			baseConfigurationReference = 5629B580F955B27E956E4E3A /* Pods-EurekaContainer.debug.xcconfig */;
			buildSettings = {
				ASSETCATALOG_COMPILER_APPICON_NAME = AppIcon;
				CODE_SIGN_STYLE = Automatic;
				DEVELOPMENT_TEAM = 8KN7LGD597;
				INFOPLIST_FILE = EurekaContainer/Info.plist;
				LD_RUNPATH_SEARCH_PATHS = "$(inherited) @executable_path/Frameworks";
				PRODUCT_BUNDLE_IDENTIFIER = com.pouriaalmassi.EurekaContainer;
				PRODUCT_NAME = "$(TARGET_NAME)";
				SWIFT_VERSION = 4.0;
				TARGETED_DEVICE_FAMILY = "1,2";
			};
			name = Debug;
		};
		03B1931A1FA16DB5006E7BB7 /* Release */ = {
			isa = XCBuildConfiguration;
			baseConfigurationReference = B2F87CBA3F0CC4DF0AD97E7B /* Pods-EurekaContainer.release.xcconfig */;
			buildSettings = {
				ASSETCATALOG_COMPILER_APPICON_NAME = AppIcon;
				CODE_SIGN_STYLE = Automatic;
				DEVELOPMENT_TEAM = 8KN7LGD597;
				INFOPLIST_FILE = EurekaContainer/Info.plist;
				LD_RUNPATH_SEARCH_PATHS = "$(inherited) @executable_path/Frameworks";
				PRODUCT_BUNDLE_IDENTIFIER = com.pouriaalmassi.EurekaContainer;
				PRODUCT_NAME = "$(TARGET_NAME)";
				SWIFT_VERSION = 4.0;
				TARGETED_DEVICE_FAMILY = "1,2";
			};
			name = Release;
		};
/* End XCBuildConfiguration section */

/* Begin XCConfigurationList section */
		03B193011FA16DB5006E7BB7 /* Build configuration list for PBXProject "EurekaContainer" */ = {
			isa = XCConfigurationList;
			buildConfigurations = (
				03B193161FA16DB5006E7BB7 /* Debug */,
				03B193171FA16DB5006E7BB7 /* Release */,
			);
			defaultConfigurationIsVisible = 0;
			defaultConfigurationName = Release;
		};
		03B193181FA16DB5006E7BB7 /* Build configuration list for PBXNativeTarget "EurekaContainer" */ = {
			isa = XCConfigurationList;
			buildConfigurations = (
				03B193191FA16DB5006E7BB7 /* Debug */,
				03B1931A1FA16DB5006E7BB7 /* Release */,
			);
			defaultConfigurationIsVisible = 0;
			defaultConfigurationName = Release;
		};
/* End XCConfigurationList section */
	};
	rootObject = 03B192FE1FA16DB5006E7BB7 /* Project object */;
}
